
Microsoft Visual Studio Solution File, Format Version 11.00
# Visual Studio 2010
Project("{8BC9CEB8-8B4A-11D0-8D11-00A0C91BC942}") = "PSS4_UE02_AdminTool", "PSS4_UE02_AdminTool\PSS4_UE02_AdminTool.vcxproj", "{D73FF218-B072-4316-8057-28DD5EC4A64C}"
EndProject
Global
	GlobalSection(SolutionConfigurationPlatforms) = preSolution
		Debug|Win32 = Debug|Win32
		Release|Win32 = Release|Win32
	EndGlobalSection
	GlobalSection(ProjectConfigurationPlatforms) = postSolution
		{D73FF218-B072-4316-8057-28DD5EC4A64C}.Debug|Win32.ActiveCfg = Debug|Win32
		{D73FF218-B072-4316-8057-28DD5EC4A64C}.Debug|Win32.Build.0 = Debug|Win32
		{D73FF218-B072-4316-8057-28DD5EC4A64C}.Release|Win32.ActiveCfg = Release|Win32
		{D73FF218-B072-4316-8057-28DD5EC4A64C}.Release|Win32.Build.0 = Release|Win32
	EndGlobalSection
	GlobalSection(SolutionProperties) = preSolution
		HideSolutionNode = FALSE
	EndGlobalSection
EndGlobal
